# THIS IS AN AUTOGENERATED FILE. DO NOT EDIT THIS FILE DIRECTLY.
# yarn lockfile v1


"@playwright/test@^1.24.2":
  version "1.24.2"
  resolved "https://registry.yarnpkg.com/@playwright/test/-/test-1.24.2.tgz#283ea8cc497f9742037458659bf235f4776cf1f0"
  integrity sha512-Q4X224pRHw4Dtkk5PoNJplZCokLNvVbXD9wDQEMrHcEuvWpJWEQDeJ9gEwkZ3iCWSFSWBshIX177B231XW4wOQ==
  dependencies:
    "@types/node" "*"
    playwright-core "1.24.2"

"@types/node@*":
  version "18.7.1"
  resolved "https://registry.yarnpkg.com/@types/node/-/node-18.7.1.tgz#352bee64f93117d867d05f7406642a52685cbca6"
  integrity sha512-GKX1Qnqxo4S+Z/+Z8KKPLpH282LD7jLHWJcVryOflnsnH+BtSDfieR6ObwBMwpnNws0bUK8GI7z0unQf9bARNQ==

playwright-core@1.24.2:
  version "1.24.2"
  resolved "https://registry.yarnpkg.com/playwright-core/-/playwright-core-1.24.2.tgz#47bc5adf3dcfcc297a5a7a332449c9009987db26"
  integrity sha512-zfAoDoPY/0sDLsgSgLZwWmSCevIg1ym7CppBwllguVBNiHeixZkc1AdMuYUPZC6AdEYc4CxWEyLMBTw2YcmRrA==
